
Microsoft Visual Studio Solution File, Format Version 12.00
# Visual Studio Version 16
VisualStudioVersion = 16.0.30907.101
MinimumVisualStudioVersion = 10.0.40219.1
Project("{FAE04EC0-301F-11D3-BF4B-00C04F79EFBC}") = "ProjetoLuisFE", "ProjetoLuisFE\ProjetoLuisFE.csproj", "{AD963C90-989F-414D-A77D-D03B01FCE75C}"
EndProject
Global
	GlobalSection(SolutionConfigurationPlatforms) = preSolution
		Debug|Any CPU = Debug|Any CPU
		Release|Any CPU = Release|Any CPU
	EndGlobalSection
	GlobalSection(ProjectConfigurationPlatforms) = postSolution
		{AD963C90-989F-414D-A77D-D03B01FCE75C}.Debug|Any CPU.ActiveCfg = Debug|Any CPU
		{AD963C90-989F-414D-A77D-D03B01FCE75C}.Debug|Any CPU.Build.0 = Debug|Any CPU
		{AD963C90-989F-414D-A77D-D03B01FCE75C}.Release|Any CPU.ActiveCfg = Release|Any CPU
		{AD963C90-989F-414D-A77D-D03B01FCE75C}.Release|Any CPU.Build.0 = Release|Any CPU
	EndGlobalSection
	GlobalSection(SolutionProperties) = preSolution
		HideSolutionNode = FALSE
	EndGlobalSection
	GlobalSection(ExtensibilityGlobals) = postSolution
		SolutionGuid = {DF42DB4A-0431-4A37-A389-C030CAD829AA}
	EndGlobalSection
EndGlobal
